// !$*UTF8*$!
{
	archiveVersion = 1;
	classes = {
	};
	objectVersion = 46;
	objects = {

/* Begin PBXBuildFile section */
		DA2EC8DA12F3747A0029F044 /* timers.cpp in Sources */ = {isa = PBXBuildFile; fileRef = DA2EC8D912F3747A0029F044 /* timers.cpp */; };
		DA36E5791344332C00330758 /* arduinoTest.cpp in Sources */ = {isa = PBXBuildFile; fileRef = DA36E5771344319D00330758 /* arduinoTest.cpp */; };
		DA36E57A134433CF00330758 /* arduino.cpp in Sources */ = {isa = PBXBuildFile; fileRef = DA72DC921329C4D600493D34 /* arduino.cpp */; };
		DA36E57B134433D600330758 /* serial.cpp in Sources */ = {isa = PBXBuildFile; fileRef = DA72DC951329C4D600493D34 /* serial.cpp */; };
		DA47B86212C922EE00A7A0AF /* geometry.cpp in Sources */ = {isa = PBXBuildFile; fileRef = DA47B86012C922EE00A7A0AF /* geometry.cpp */; };
		DA5F5BD012C96A6800BEA4B0 /* robot.cpp in Sources */ = {isa = PBXBuildFile; fileRef = DA5F5BCE12C96A6800BEA4B0 /* robot.cpp */; };
		DA5F5BE012C96D4200BEA4B0 /* simsensors.cpp in Sources */ = {isa = PBXBuildFile; fileRef = DA5F5BDE12C96D4200BEA4B0 /* simsensors.cpp */; };
		DA675316134D2097000F8C39 /* graph.cpp in Sources */ = {isa = PBXBuildFile; fileRef = DA675314134D2097000F8C39 /* graph.cpp */; };
		DA6AC051132AE9B4003DD620 /* robotwidget.cpp in Sources */ = {isa = PBXBuildFile; fileRef = DA6AC04F132AE9B4003DD620 /* robotwidget.cpp */; };
		DA6AC053132AEEF6003DD620 /* moc_robotwidget.cpp in Sources */ = {isa = PBXBuildFile; fileRef = DA6AC052132AEEF6003DD620 /* moc_robotwidget.cpp */; };
		DA72DC981329C4D600493D34 /* arduino.cpp in Sources */ = {isa = PBXBuildFile; fileRef = DA72DC921329C4D600493D34 /* arduino.cpp */; };
		DA72DC991329C4D600493D34 /* serial.cpp in Sources */ = {isa = PBXBuildFile; fileRef = DA72DC951329C4D600493D34 /* serial.cpp */; };
		DA72DC9A1329C4D600493D34 /* setup.cpp in Sources */ = {isa = PBXBuildFile; fileRef = DA72DC971329C4D600493D34 /* setup.cpp */; };
		DAADDDC012FCC09800B11B07 /* OdometryModel.cpp in Sources */ = {isa = PBXBuildFile; fileRef = DAADDDBE12FCC09800B11B07 /* OdometryModel.cpp */; };
		DAADDE2112FCD57A00B11B07 /* mcl.cpp in Sources */ = {isa = PBXBuildFile; fileRef = DAADDE2012FCD57A00B11B07 /* mcl.cpp */; };
		DAADDE6312FCD96600B11B07 /* MeasurementModel.cpp in Sources */ = {isa = PBXBuildFile; fileRef = DAADDE6212FCD96600B11B07 /* MeasurementModel.cpp */; };
		DABEF4FB132C8FEA002D4E22 /* maestro.cpp in Sources */ = {isa = PBXBuildFile; fileRef = DABEF4F9132C8FE9002D4E22 /* maestro.cpp */; };
		DABF690212D2CFA200CA7B16 /* simmotors.cpp in Sources */ = {isa = PBXBuildFile; fileRef = DA29583C12CD1310003D4584 /* simmotors.cpp */; };
		DABF690312D2CFA300CA7B16 /* simulation.cpp in Sources */ = {isa = PBXBuildFile; fileRef = DAC9ADE712CAB49500691585 /* simulation.cpp */; };
		DABF690912D2CFE800CA7B16 /* OpenGL.framework in Frameworks */ = {isa = PBXBuildFile; fileRef = DABF690812D2CFE800CA7B16 /* OpenGL.framework */; };
		DAC760B012C86B0500E7E711 /* map.cpp in Sources */ = {isa = PBXBuildFile; fileRef = DAC75F7012C85E1600E7E711 /* map.cpp */; };
		DAFD40B612DECF5400E5D62C /* mainwindow.cpp in Sources */ = {isa = PBXBuildFile; fileRef = DAFD404E12DECBDE00E5D62C /* mainwindow.cpp */; };
		DAFD40B712DECF5400E5D62C /* mapwidget.cpp in Sources */ = {isa = PBXBuildFile; fileRef = DAFD405112DECBDE00E5D62C /* mapwidget.cpp */; };
		DAFD40B812DECF6400E5D62C /* robot.cpp in Sources */ = {isa = PBXBuildFile; fileRef = DA5F5BCE12C96A6800BEA4B0 /* robot.cpp */; };
		DAFD40B912DECF6400E5D62C /* simmotors.cpp in Sources */ = {isa = PBXBuildFile; fileRef = DA29583C12CD1310003D4584 /* simmotors.cpp */; };
		DAFD40BA12DECF6400E5D62C /* simsensors.cpp in Sources */ = {isa = PBXBuildFile; fileRef = DA5F5BDE12C96D4200BEA4B0 /* simsensors.cpp */; };
		DAFD40BC12DECF6400E5D62C /* map.cpp in Sources */ = {isa = PBXBuildFile; fileRef = DAC75F7012C85E1600E7E711 /* map.cpp */; };
		DAFD40BD12DECF6400E5D62C /* geometry.cpp in Sources */ = {isa = PBXBuildFile; fileRef = DA47B86012C922EE00A7A0AF /* geometry.cpp */; };
		DAFD40BE12DECF6400E5D62C /* simulation.cpp in Sources */ = {isa = PBXBuildFile; fileRef = DAC9ADE712CAB49500691585 /* simulation.cpp */; };
		DAFD40BF12DECF7A00E5D62C /* main.cpp in Sources */ = {isa = PBXBuildFile; fileRef = DAFD404D12DECBDE00E5D62C /* main.cpp */; };
		DAFD40D312DED03300E5D62C /* QtCore.framework in Frameworks */ = {isa = PBXBuildFile; fileRef = DAFD40D012DED03300E5D62C /* QtCore.framework */; };
		DAFD40D412DED03300E5D62C /* QtGui.framework in Frameworks */ = {isa = PBXBuildFile; fileRef = DAFD40D112DED03300E5D62C /* QtGui.framework */; };
		DAFD40D512DED03300E5D62C /* QtOpenGL.framework in Frameworks */ = {isa = PBXBuildFile; fileRef = DAFD40D212DED03300E5D62C /* QtOpenGL.framework */; };
		DAFD40DE12DED04500E5D62C /* OpenGL.framework in Frameworks */ = {isa = PBXBuildFile; fileRef = DABF690812D2CFE800CA7B16 /* OpenGL.framework */; };
		DAFD40E012DED05400E5D62C /* AGL.framework in Frameworks */ = {isa = PBXBuildFile; fileRef = DAFD40DF12DED05400E5D62C /* AGL.framework */; };
		DAFD411F12DED24600E5D62C /* moc_mainwindow.cpp in Sources */ = {isa = PBXBuildFile; fileRef = DAFD411C12DED24600E5D62C /* moc_mainwindow.cpp */; };
		DAFD412012DED24600E5D62C /* moc_mapwidget.cpp in Sources */ = {isa = PBXBuildFile; fileRef = DAFD411D12DED24600E5D62C /* moc_mapwidget.cpp */; };
/* End PBXBuildFile section */

/* Begin PBXCopyFilesBuildPhase section */
		DA36E56C1344317300330758 /* CopyFiles */ = {
			isa = PBXCopyFilesBuildPhase;
			buildActionMask = 2147483647;
			dstPath = /usr/share/man/man1/;
			dstSubfolderSpec = 0;
			files = (
			);
			runOnlyForDeploymentPostprocessing = 1;
		};
		DAC760CE12C86B3800E7E711 /* CopyFiles */ = {
			isa = PBXCopyFilesBuildPhase;
			buildActionMask = 2147483647;
			dstPath = "";
			dstSubfolderSpec = 16;
			files = (
			);
			runOnlyForDeploymentPostprocessing = 0;
		};
/* End PBXCopyFilesBuildPhase section */

/* Begin PBXFileReference section */
		DA0FE2DA133A96E4009EDEB5 /* serial_communication.pde */ = {isa = PBXFileReference; explicitFileType = sourcecode.cpp.cpp; name = serial_communication.pde; path = arduino/serial_communication/serial_communication.pde; sourceTree = "<group>"; xcLanguageSpecificationIdentifier = xcode.lang.cpp; };
		DA29583B12CD1310003D4584 /* simmotors.h */ = {isa = PBXFileReference; fileEncoding = 4; lastKnownFileType = sourcecode.c.h; path = simmotors.h; sourceTree = "<group>"; };
		DA29583C12CD1310003D4584 /* simmotors.cpp */ = {isa = PBXFileReference; fileEncoding = 4; lastKnownFileType = sourcecode.cpp.cpp; path = simmotors.cpp; sourceTree = "<group>"; };
		DA2EC8D812F3747A0029F044 /* timers.h */ = {isa = PBXFileReference; fileEncoding = 4; lastKnownFileType = sourcecode.c.h; path = timers.h; sourceTree = "<group>"; };
		DA2EC8D912F3747A0029F044 /* timers.cpp */ = {isa = PBXFileReference; fileEncoding = 4; lastKnownFileType = sourcecode.cpp.cpp; path = timers.cpp; sourceTree = "<group>"; };
		DA35B15D13020DBE00DAD788 /* simslam.h */ = {isa = PBXFileReference; fileEncoding = 4; lastKnownFileType = sourcecode.c.h; path = simslam.h; sourceTree = "<group>"; };
		DA35B2EF130227B200DAD788 /* Encoder */ = {isa = PBXFileReference; fileEncoding = 4; lastKnownFileType = text; path = Encoder; sourceTree = "<group>"; };
		DA36E56E1344317300330758 /* arduinoTest */ = {isa = PBXFileReference; explicitFileType = "compiled.mach-o.executable"; includeInIndex = 0; path = arduinoTest; sourceTree = BUILT_PRODUCTS_DIR; };
		DA36E5771344319D00330758 /* arduinoTest.cpp */ = {isa = PBXFileReference; fileEncoding = 4; lastKnownFileType = sourcecode.cpp.cpp; name = arduinoTest.cpp; path = src/arduinoTest.cpp; sourceTree = SOURCE_ROOT; };
		DA3ECD42132E9872005001BF /* graph */ = {isa = PBXFileReference; lastKnownFileType = text; path = graph; sourceTree = "<group>"; };
		DA47B85F12C922EE00A7A0AF /* geometry.h */ = {isa = PBXFileReference; fileEncoding = 4; lastKnownFileType = sourcecode.c.h; path = geometry.h; sourceTree = "<group>"; };
		DA47B86012C922EE00A7A0AF /* geometry.cpp */ = {isa = PBXFileReference; fileEncoding = 4; lastKnownFileType = sourcecode.cpp.cpp; path = geometry.cpp; sourceTree = "<group>"; };
		DA5F5BCD12C96A6800BEA4B0 /* robot.h */ = {isa = PBXFileReference; fileEncoding = 4; lastKnownFileType = sourcecode.c.h; path = robot.h; sourceTree = "<group>"; };
		DA5F5BCE12C96A6800BEA4B0 /* robot.cpp */ = {isa = PBXFileReference; fileEncoding = 4; lastKnownFileType = sourcecode.cpp.cpp; path = robot.cpp; sourceTree = "<group>"; };
		DA5F5BDD12C96D4200BEA4B0 /* simsensors.h */ = {isa = PBXFileReference; fileEncoding = 4; lastKnownFileType = sourcecode.c.h; path = simsensors.h; sourceTree = "<group>"; };
		DA5F5BDE12C96D4200BEA4B0 /* simsensors.cpp */ = {isa = PBXFileReference; fileEncoding = 4; lastKnownFileType = sourcecode.cpp.cpp; path = simsensors.cpp; sourceTree = "<group>"; };
		DA675314134D2097000F8C39 /* graph.cpp */ = {isa = PBXFileReference; fileEncoding = 4; lastKnownFileType = sourcecode.cpp.cpp; path = graph.cpp; sourceTree = "<group>"; };
		DA675315134D2097000F8C39 /* graph.h */ = {isa = PBXFileReference; fileEncoding = 4; lastKnownFileType = sourcecode.c.h; path = graph.h; sourceTree = "<group>"; };
		DA6AC04F132AE9B4003DD620 /* robotwidget.cpp */ = {isa = PBXFileReference; fileEncoding = 4; lastKnownFileType = sourcecode.cpp.cpp; path = robotwidget.cpp; sourceTree = "<group>"; };
		DA6AC050132AE9B4003DD620 /* robotwidget.h */ = {isa = PBXFileReference; fileEncoding = 4; lastKnownFileType = sourcecode.c.h; path = robotwidget.h; sourceTree = "<group>"; };
		DA6AC052132AEEF6003DD620 /* moc_robotwidget.cpp */ = {isa = PBXFileReference; fileEncoding = 4; lastKnownFileType = sourcecode.cpp.cpp; path = moc_robotwidget.cpp; sourceTree = "<group>"; };
		DA72DC921329C4D600493D34 /* arduino.cpp */ = {isa = PBXFileReference; fileEncoding = 4; lastKnownFileType = sourcecode.cpp.cpp; path = arduino.cpp; sourceTree = "<group>"; };
		DA72DC931329C4D600493D34 /* arduino.h */ = {isa = PBXFileReference; fileEncoding = 4; lastKnownFileType = sourcecode.c.h; path = arduino.h; sourceTree = "<group>"; };
		DA72DC951329C4D600493D34 /* serial.cpp */ = {isa = PBXFileReference; fileEncoding = 4; lastKnownFileType = sourcecode.cpp.cpp; path = serial.cpp; sourceTree = "<group>"; };
		DA72DC961329C4D600493D34 /* serial.h */ = {isa = PBXFileReference; fileEncoding = 4; lastKnownFileType = sourcecode.c.h; path = serial.h; sourceTree = "<group>"; };
		DA72DC971329C4D600493D34 /* setup.cpp */ = {isa = PBXFileReference; fileEncoding = 4; lastKnownFileType = sourcecode.cpp.cpp; path = setup.cpp; sourceTree = "<group>"; };
		DAADDDBE12FCC09800B11B07 /* OdometryModel.cpp */ = {isa = PBXFileReference; fileEncoding = 4; lastKnownFileType = sourcecode.cpp.cpp; path = OdometryModel.cpp; sourceTree = "<group>"; };
		DAADDDBF12FCC09800B11B07 /* slam.h */ = {isa = PBXFileReference; fileEncoding = 4; lastKnownFileType = sourcecode.c.h; path = slam.h; sourceTree = "<group>"; };
		DAADDE2012FCD57A00B11B07 /* mcl.cpp */ = {isa = PBXFileReference; fileEncoding = 4; lastKnownFileType = sourcecode.cpp.cpp; path = mcl.cpp; sourceTree = "<group>"; };
		DAADDE6212FCD96600B11B07 /* MeasurementModel.cpp */ = {isa = PBXFileReference; fileEncoding = 4; lastKnownFileType = sourcecode.cpp.cpp; path = MeasurementModel.cpp; sourceTree = "<group>"; };
		DAB40508132D3311005500E1 /* controllers.h */ = {isa = PBXFileReference; fileEncoding = 4; lastKnownFileType = sourcecode.c.h; path = controllers.h; sourceTree = "<group>"; };
		DABEF4F9132C8FE9002D4E22 /* maestro.cpp */ = {isa = PBXFileReference; fileEncoding = 4; lastKnownFileType = sourcecode.cpp.cpp; path = maestro.cpp; sourceTree = "<group>"; };
		DABEF4FA132C8FE9002D4E22 /* maestro.h */ = {isa = PBXFileReference; fileEncoding = 4; lastKnownFileType = sourcecode.c.h; path = maestro.h; sourceTree = "<group>"; };
		DABF690812D2CFE800CA7B16 /* OpenGL.framework */ = {isa = PBXFileReference; lastKnownFileType = wrapper.framework; name = OpenGL.framework; path = /System/Library/Frameworks/OpenGL.framework; sourceTree = "<absolute>"; };
		DAC2F9D712E7C4B90084052D /* qt_preprocess.mak */ = {isa = PBXFileReference; fileEncoding = 4; lastKnownFileType = sourcecode.make; name = qt_preprocess.mak; path = ../qt_preprocess.mak; sourceTree = "<group>"; };
		DAC75F4212C8596D00E7E711 /* basic_map */ = {isa = PBXFileReference; fileEncoding = 4; lastKnownFileType = text; path = basic_map; sourceTree = "<group>"; };
		DAC75F4612C859F900E7E711 /* map.h */ = {isa = PBXFileReference; fileEncoding = 4; lastKnownFileType = sourcecode.c.h; path = map.h; sourceTree = "<group>"; };
		DAC75F7012C85E1600E7E711 /* map.cpp */ = {isa = PBXFileReference; fileEncoding = 4; lastKnownFileType = sourcecode.cpp.cpp; path = map.cpp; sourceTree = "<group>"; };
		DAC760A712C86ACB00E7E711 /* sim */ = {isa = PBXFileReference; explicitFileType = "compiled.mach-o.executable"; includeInIndex = 0; path = sim; sourceTree = BUILT_PRODUCTS_DIR; };
		DAC9AB9012CA594B00691585 /* Nomadic */ = {isa = PBXFileReference; fileEncoding = 4; lastKnownFileType = text; path = Nomadic; sourceTree = "<group>"; };
		DAC9AB9312CA5A9900691585 /* first */ = {isa = PBXFileReference; fileEncoding = 4; lastKnownFileType = text; path = first; sourceTree = "<group>"; };
		DAC9ABE412CA5EFE00691585 /* math.h */ = {isa = PBXFileReference; fileEncoding = 4; lastKnownFileType = sourcecode.c.h; path = math.h; sourceTree = "<group>"; };
		DAC9AD6712CAA7E100691585 /* geometryio.h */ = {isa = PBXFileReference; fileEncoding = 4; lastKnownFileType = sourcecode.c.h; path = geometryio.h; sourceTree = "<group>"; };
		DAC9ADE612CAB49500691585 /* simulation.h */ = {isa = PBXFileReference; fileEncoding = 4; lastKnownFileType = sourcecode.c.h; path = simulation.h; sourceTree = "<group>"; };
		DAC9ADE712CAB49500691585 /* simulation.cpp */ = {isa = PBXFileReference; fileEncoding = 4; lastKnownFileType = sourcecode.cpp.cpp; path = simulation.cpp; sourceTree = "<group>"; };
		DAD8C7841331860F00967E4B /* README */ = {isa = PBXFileReference; fileEncoding = 4; lastKnownFileType = text; path = README; sourceTree = "<group>"; };
		DAED38CE132A76E300C2E225 /* setup.h */ = {isa = PBXFileReference; fileEncoding = 4; lastKnownFileType = sourcecode.c.h; path = setup.h; sourceTree = "<group>"; };
		DAFD403612DECB4500E5D62C /* QtSim-Info.plist */ = {isa = PBXFileReference; lastKnownFileType = text.plist.xml; name = "QtSim-Info.plist"; path = "../QtSim-Info.plist"; sourceTree = "<group>"; };
		DAFD404D12DECBDE00E5D62C /* main.cpp */ = {isa = PBXFileReference; fileEncoding = 4; lastKnownFileType = sourcecode.cpp.cpp; path = main.cpp; sourceTree = "<group>"; };
		DAFD404E12DECBDE00E5D62C /* mainwindow.cpp */ = {isa = PBXFileReference; fileEncoding = 4; lastKnownFileType = sourcecode.cpp.cpp; path = mainwindow.cpp; sourceTree = "<group>"; };
		DAFD404F12DECBDE00E5D62C /* mainwindow.h */ = {isa = PBXFileReference; fileEncoding = 4; lastKnownFileType = sourcecode.c.h; path = mainwindow.h; sourceTree = "<group>"; };
		DAFD405012DECBDE00E5D62C /* mainwindow.ui */ = {isa = PBXFileReference; fileEncoding = 4; lastKnownFileType = text.xml; path = mainwindow.ui; sourceTree = "<group>"; };
		DAFD405112DECBDE00E5D62C /* mapwidget.cpp */ = {isa = PBXFileReference; fileEncoding = 4; lastKnownFileType = sourcecode.cpp.cpp; path = mapwidget.cpp; sourceTree = "<group>"; };
		DAFD405212DECBDE00E5D62C /* mapwidget.h */ = {isa = PBXFileReference; fileEncoding = 4; lastKnownFileType = sourcecode.c.h; path = mapwidget.h; sourceTree = "<group>"; };
		DAFD40A912DECDB700E5D62C /* QtSim.app */ = {isa = PBXFileReference; explicitFileType = wrapper.application; includeInIndex = 0; path = QtSim.app; sourceTree = BUILT_PRODUCTS_DIR; };
		DAFD40D012DED03300E5D62C /* QtCore.framework */ = {isa = PBXFileReference; lastKnownFileType = wrapper.framework; name = QtCore.framework; path = /usr/local/Cellar/qt/4.7.1/lib/QtCore.framework; sourceTree = "<absolute>"; };
		DAFD40D112DED03300E5D62C /* QtGui.framework */ = {isa = PBXFileReference; lastKnownFileType = wrapper.framework; name = QtGui.framework; path = /usr/local/Cellar/qt/4.7.1/lib/QtGui.framework; sourceTree = "<absolute>"; };
		DAFD40D212DED03300E5D62C /* QtOpenGL.framework */ = {isa = PBXFileReference; lastKnownFileType = wrapper.framework; name = QtOpenGL.framework; path = /usr/local/Cellar/qt/4.7.1/lib/QtOpenGL.framework; sourceTree = "<absolute>"; };
		DAFD40DF12DED05400E5D62C /* AGL.framework */ = {isa = PBXFileReference; lastKnownFileType = wrapper.framework; name = AGL.framework; path = /System/Library/Frameworks/AGL.framework; sourceTree = "<absolute>"; };
		DAFD410F12DED1BB00E5D62C /* ui_mainwindow.h */ = {isa = PBXFileReference; fileEncoding = 4; lastKnownFileType = sourcecode.c.h; path = ui_mainwindow.h; sourceTree = "<group>"; };
		DAFD411C12DED24600E5D62C /* moc_mainwindow.cpp */ = {isa = PBXFileReference; fileEncoding = 4; lastKnownFileType = sourcecode.cpp.cpp; path = moc_mainwindow.cpp; sourceTree = "<group>"; };
		DAFD411D12DED24600E5D62C /* moc_mapwidget.cpp */ = {isa = PBXFileReference; fileEncoding = 4; lastKnownFileType = sourcecode.cpp.cpp; path = moc_mapwidget.cpp; sourceTree = "<group>"; };
/* End PBXFileReference section */

/* Begin PBXFrameworksBuildPhase section */
		DA36E56B1344317300330758 /* Frameworks */ = {
			isa = PBXFrameworksBuildPhase;
			buildActionMask = 2147483647;
			files = (
			);
			runOnlyForDeploymentPostprocessing = 0;
		};
		DAC760A512C86ACB00E7E711 /* Frameworks */ = {
			isa = PBXFrameworksBuildPhase;
			buildActionMask = 2147483647;
			files = (
				DABF690912D2CFE800CA7B16 /* OpenGL.framework in Frameworks */,
			);
			runOnlyForDeploymentPostprocessing = 0;
		};
		DAFD40A712DECDB700E5D62C /* Frameworks */ = {
			isa = PBXFrameworksBuildPhase;
			buildActionMask = 2147483647;
			files = (
				DAFD40DE12DED04500E5D62C /* OpenGL.framework in Frameworks */,
				DAFD40D312DED03300E5D62C /* QtCore.framework in Frameworks */,
				DAFD40D412DED03300E5D62C /* QtGui.framework in Frameworks */,
				DAFD40D512DED03300E5D62C /* QtOpenGL.framework in Frameworks */,
				DAFD40E012DED05400E5D62C /* AGL.framework in Frameworks */,
			);
			runOnlyForDeploymentPostprocessing = 0;
		};
/* End PBXFrameworksBuildPhase section */

/* Begin PBXGroup section */
		08FB7794FE84155DC02AAC07 /* sim */ = {
			isa = PBXGroup;
			children = (
				DA0FE2DA133A96E4009EDEB5 /* serial_communication.pde */,
				DAD8C7841331860F00967E4B /* README */,
				DAFD410E12DED1BB00E5D62C /* generated_sources */,
				DAFD404C12DECBDE00E5D62C /* qt */,
				DAC75F4412C8597F00E7E711 /* src */,
				DAC75F4312C8597000E7E711 /* maps */,
				DAC9AB9212CA5A9900691585 /* robots */,
				DAC9AB8F12CA592700691585 /* sensors */,
				DABF690812D2CFE800CA7B16 /* OpenGL.framework */,
				DA36E5701344317300330758 /* arduinoTest */,
				DAC760A812C86ACB00E7E711 /* Products */,
			);
			name = sim;
			sourceTree = "<group>";
		};
		DA36E5701344317300330758 /* arduinoTest */ = {
			isa = PBXGroup;
			children = (
				DA36E5771344319D00330758 /* arduinoTest.cpp */,
			);
			path = arduinoTest;
			sourceTree = "<group>";
		};
		DAADDDBD12FCC08400B11B07 /* slam */ = {
			isa = PBXGroup;
			children = (
				DAADDDBE12FCC09800B11B07 /* OdometryModel.cpp */,
				DA35B15D13020DBE00DAD788 /* simslam.h */,
				DAADDDBF12FCC09800B11B07 /* slam.h */,
				DAADDE6212FCD96600B11B07 /* MeasurementModel.cpp */,
				DAADDE2012FCD57A00B11B07 /* mcl.cpp */,
			);
			path = slam;
			sourceTree = "<group>";
		};
		DAC75F4312C8597000E7E711 /* maps */ = {
			isa = PBXGroup;
			children = (
				DAC75F4212C8596D00E7E711 /* basic_map */,
			);
			path = maps;
			sourceTree = "<group>";
		};
		DAC75F4412C8597F00E7E711 /* src */ = {
			isa = PBXGroup;
			children = (
				DAADDDBD12FCC08400B11B07 /* slam */,
				DAC9AC6612CA891E00691585 /* Sim mocks */,
				DAC9AC6412CA890800691585 /* math */,
				DA72DC931329C4D600493D34 /* arduino.h */,
				DA72DC921329C4D600493D34 /* arduino.cpp */,
				DAB40508132D3311005500E1 /* controllers.h */,
				DABEF4FA132C8FE9002D4E22 /* maestro.h */,
				DABEF4F9132C8FE9002D4E22 /* maestro.cpp */,
				DAC75F4612C859F900E7E711 /* map.h */,
				DAC75F7012C85E1600E7E711 /* map.cpp */,
				DA675315134D2097000F8C39 /* graph.h */,
				DA675314134D2097000F8C39 /* graph.cpp */,
				DA5F5BCD12C96A6800BEA4B0 /* robot.h */,
				DA5F5BCE12C96A6800BEA4B0 /* robot.cpp */,
				DA72DC961329C4D600493D34 /* serial.h */,
				DA72DC951329C4D600493D34 /* serial.cpp */,
				DAED38CE132A76E300C2E225 /* setup.h */,
				DA72DC971329C4D600493D34 /* setup.cpp */,
				DAC9ADE612CAB49500691585 /* simulation.h */,
				DAC9ADE712CAB49500691585 /* simulation.cpp */,
				DA2EC8D812F3747A0029F044 /* timers.h */,
				DA2EC8D912F3747A0029F044 /* timers.cpp */,
			);
			path = src;
			sourceTree = "<group>";
		};
		DAC760A812C86ACB00E7E711 /* Products */ = {
			isa = PBXGroup;
			children = (
				DAC760A712C86ACB00E7E711 /* sim */,
				DAFD40A912DECDB700E5D62C /* QtSim.app */,
				DA36E56E1344317300330758 /* arduinoTest */,
			);
			name = Products;
			sourceTree = "<group>";
		};
		DAC9AB8F12CA592700691585 /* sensors */ = {
			isa = PBXGroup;
			children = (
				DAC9AB9012CA594B00691585 /* Nomadic */,
				DA35B2EF130227B200DAD788 /* Encoder */,
			);
			path = sensors;
			sourceTree = "<group>";
		};
		DAC9AB9212CA5A9900691585 /* robots */ = {
			isa = PBXGroup;
			children = (
				DAC9AB9312CA5A9900691585 /* first */,
				DA3ECD42132E9872005001BF /* graph */,
			);
			path = robots;
			sourceTree = "<group>";
		};
		DAC9AC6412CA890800691585 /* math */ = {
			isa = PBXGroup;
			children = (
				DAC9AD6712CAA7E100691585 /* geometryio.h */,
				DAC9ABE412CA5EFE00691585 /* math.h */,
				DA47B85F12C922EE00A7A0AF /* geometry.h */,
				DA47B86012C922EE00A7A0AF /* geometry.cpp */,
			);
			name = math;
			sourceTree = "<group>";
		};
		DAC9AC6612CA891E00691585 /* Sim mocks */ = {
			isa = PBXGroup;
			children = (
				DA29583B12CD1310003D4584 /* simmotors.h */,
				DA29583C12CD1310003D4584 /* simmotors.cpp */,
				DA5F5BDD12C96D4200BEA4B0 /* simsensors.h */,
				DA5F5BDE12C96D4200BEA4B0 /* simsensors.cpp */,
			);
			name = "Sim mocks";
			sourceTree = "<group>";
		};
		DAFD404C12DECBDE00E5D62C /* qt */ = {
			isa = PBXGroup;
			children = (
				DAC2F9D712E7C4B90084052D /* qt_preprocess.mak */,
				DAFD403612DECB4500E5D62C /* QtSim-Info.plist */,
				DAFD412812DED52D00E5D62C /* Frameworks */,
				DAFD412912DED53500E5D62C /* UI */,
				DAFD404D12DECBDE00E5D62C /* main.cpp */,
				DAFD404F12DECBDE00E5D62C /* mainwindow.h */,
				DAFD404E12DECBDE00E5D62C /* mainwindow.cpp */,
				DAFD405212DECBDE00E5D62C /* mapwidget.h */,
				DAFD405112DECBDE00E5D62C /* mapwidget.cpp */,
				DA6AC050132AE9B4003DD620 /* robotwidget.h */,
				DA6AC04F132AE9B4003DD620 /* robotwidget.cpp */,
			);
			path = qt;
			sourceTree = "<group>";
		};
		DAFD410E12DED1BB00E5D62C /* generated_sources */ = {
			isa = PBXGroup;
			children = (
				DAFD410F12DED1BB00E5D62C /* ui_mainwindow.h */,
				DAFD411C12DED24600E5D62C /* moc_mainwindow.cpp */,
				DAFD411D12DED24600E5D62C /* moc_mapwidget.cpp */,
				DA6AC052132AEEF6003DD620 /* moc_robotwidget.cpp */,
			);
			path = generated_sources;
			sourceTree = "<group>";
		};
		DAFD412812DED52D00E5D62C /* Frameworks */ = {
			isa = PBXGroup;
			children = (
				DAFD40D012DED03300E5D62C /* QtCore.framework */,
				DAFD40DF12DED05400E5D62C /* AGL.framework */,
				DAFD40D112DED03300E5D62C /* QtGui.framework */,
				DAFD40D212DED03300E5D62C /* QtOpenGL.framework */,
			);
			name = Frameworks;
			sourceTree = "<group>";
		};
		DAFD412912DED53500E5D62C /* UI */ = {
			isa = PBXGroup;
			children = (
				DAFD405012DECBDE00E5D62C /* mainwindow.ui */,
			);
			name = UI;
			sourceTree = "<group>";
		};
/* End PBXGroup section */

/* Begin PBXNativeTarget section */
		DA36E56D1344317300330758 /* arduinoTest */ = {
			isa = PBXNativeTarget;
			buildConfigurationList = DA36E5761344317300330758 /* Build configuration list for PBXNativeTarget "arduinoTest" */;
			buildPhases = (
				DA36E56A1344317300330758 /* Sources */,
				DA36E56B1344317300330758 /* Frameworks */,
				DA36E56C1344317300330758 /* CopyFiles */,
			);
			buildRules = (
			);
			dependencies = (
			);
			name = arduinoTest;
			productName = arduinoTest;
			productReference = DA36E56E1344317300330758 /* arduinoTest */;
			productType = "com.apple.product-type.tool";
		};
		DAC760A612C86ACB00E7E711 /* sim */ = {
			isa = PBXNativeTarget;
			buildConfigurationList = DAC760AC12C86ACC00E7E711 /* Build configuration list for PBXNativeTarget "sim" */;
			buildPhases = (
				DAC760A412C86ACB00E7E711 /* Sources */,
				DAC760A512C86ACB00E7E711 /* Frameworks */,
				DAC760CE12C86B3800E7E711 /* CopyFiles */,
			);
			buildRules = (
			);
			dependencies = (
			);
			name = sim;
			productName = sim;
			productReference = DAC760A712C86ACB00E7E711 /* sim */;
			productType = "com.apple.product-type.tool";
		};
		DAFD40A812DECDB700E5D62C /* QtSim */ = {
			isa = PBXNativeTarget;
			buildConfigurationList = DAFD40AD12DECDD600E5D62C /* Build configuration list for PBXNativeTarget "QtSim" */;
			buildPhases = (
				DAFD40C412DECFBD00E5D62C /* Qt Preprocessors */,
				DAFD40A512DECDB700E5D62C /* Resources */,
				DAFD40A612DECDB700E5D62C /* Sources */,
				DAFD40A712DECDB700E5D62C /* Frameworks */,
			);
			buildRules = (
			);
			dependencies = (
			);
			name = QtSim;
			productName = QtSim;
			productReference = DAFD40A912DECDB700E5D62C /* QtSim.app */;
			productType = "com.apple.product-type.application";
		};
/* End PBXNativeTarget section */

/* Begin PBXProject section */
		08FB7793FE84155DC02AAC07 /* Project object */ = {
			isa = PBXProject;
			buildConfigurationList = 1DEB919308733D9F0010E9CD /* Build configuration list for PBXProject "sim" */;
			compatibilityVersion = "Xcode 3.2";
			developmentRegion = English;
			hasScannedForEncodings = 1;
			knownRegions = (
				English,
				Japanese,
				French,
				German,
			);
			mainGroup = 08FB7794FE84155DC02AAC07 /* sim */;
			productRefGroup = DAC760A812C86ACB00E7E711 /* Products */;
			projectDirPath = "";
			projectRoot = "";
			targets = (
				DAC760A612C86ACB00E7E711 /* sim */,
				DAFD40A812DECDB700E5D62C /* QtSim */,
				DA36E56D1344317300330758 /* arduinoTest */,
			);
		};
/* End PBXProject section */

/* Begin PBXResourcesBuildPhase section */
		DAFD40A512DECDB700E5D62C /* Resources */ = {
			isa = PBXResourcesBuildPhase;
			buildActionMask = 2147483647;
			files = (
			);
			runOnlyForDeploymentPostprocessing = 0;
		};
/* End PBXResourcesBuildPhase section */

/* Begin PBXShellScriptBuildPhase section */
		DAFD40C412DECFBD00E5D62C /* Qt Preprocessors */ = {
			isa = PBXShellScriptBuildPhase;
			buildActionMask = 2147483647;
			files = (
			);
			inputPaths = (
			);
			name = "Qt Preprocessors";
			outputPaths = (
			);
			runOnlyForDeploymentPostprocessing = 0;
			shellPath = /bin/sh;
			shellScript = "make -C /Users/paul/Documents/Robotics/Trinity -f 'qt_preprocess.mak'";
		};
/* End PBXShellScriptBuildPhase section */

/* Begin PBXSourcesBuildPhase section */
		DA36E56A1344317300330758 /* Sources */ = {
			isa = PBXSourcesBuildPhase;
			buildActionMask = 2147483647;
			files = (
				DA36E5791344332C00330758 /* arduinoTest.cpp in Sources */,
				DA36E57A134433CF00330758 /* arduino.cpp in Sources */,
				DA36E57B134433D600330758 /* serial.cpp in Sources */,
			);
			runOnlyForDeploymentPostprocessing = 0;
		};
		DAC760A412C86ACB00E7E711 /* Sources */ = {
			isa = PBXSourcesBuildPhase;
			buildActionMask = 2147483647;
			files = (
				DA5F5BD012C96A6800BEA4B0 /* robot.cpp in Sources */,
				DABF690212D2CFA200CA7B16 /* simmotors.cpp in Sources */,
				DA5F5BE012C96D4200BEA4B0 /* simsensors.cpp in Sources */,
				DAC760B012C86B0500E7E711 /* map.cpp in Sources */,
				DA47B86212C922EE00A7A0AF /* geometry.cpp in Sources */,
				DABF690312D2CFA300CA7B16 /* simulation.cpp in Sources */,
			);
			runOnlyForDeploymentPostprocessing = 0;
		};
		DAFD40A612DECDB700E5D62C /* Sources */ = {
			isa = PBXSourcesBuildPhase;
			buildActionMask = 2147483647;
			files = (
				DAFD40BF12DECF7A00E5D62C /* main.cpp in Sources */,
				DAFD40B812DECF6400E5D62C /* robot.cpp in Sources */,
				DAFD40B912DECF6400E5D62C /* simmotors.cpp in Sources */,
				DAFD40BA12DECF6400E5D62C /* simsensors.cpp in Sources */,
				DAFD40BC12DECF6400E5D62C /* map.cpp in Sources */,
				DAFD40BD12DECF6400E5D62C /* geometry.cpp in Sources */,
				DAFD40BE12DECF6400E5D62C /* simulation.cpp in Sources */,
				DAFD40B612DECF5400E5D62C /* mainwindow.cpp in Sources */,
				DAFD40B712DECF5400E5D62C /* mapwidget.cpp in Sources */,
				DAFD411F12DED24600E5D62C /* moc_mainwindow.cpp in Sources */,
				DAFD412012DED24600E5D62C /* moc_mapwidget.cpp in Sources */,
				DA2EC8DA12F3747A0029F044 /* timers.cpp in Sources */,
				DAADDDC012FCC09800B11B07 /* OdometryModel.cpp in Sources */,
				DAADDE2112FCD57A00B11B07 /* mcl.cpp in Sources */,
				DAADDE6312FCD96600B11B07 /* MeasurementModel.cpp in Sources */,
				DA72DC981329C4D600493D34 /* arduino.cpp in Sources */,
				DA72DC991329C4D600493D34 /* serial.cpp in Sources */,
				DA72DC9A1329C4D600493D34 /* setup.cpp in Sources */,
				DA6AC051132AE9B4003DD620 /* robotwidget.cpp in Sources */,
				DA6AC053132AEEF6003DD620 /* moc_robotwidget.cpp in Sources */,
				DABEF4FB132C8FEA002D4E22 /* maestro.cpp in Sources */,
				DA675316134D2097000F8C39 /* graph.cpp in Sources */,
			);
			runOnlyForDeploymentPostprocessing = 0;
		};
/* End PBXSourcesBuildPhase section */

/* Begin XCBuildConfiguration section */
		1DEB919408733D9F0010E9CD /* Debug */ = {
			isa = XCBuildConfiguration;
			buildSettings = {
				ARCHS = (
					x86_64,
					i386,
					ppc,
				);
				DEBUG_INFORMATION_FORMAT = "dwarf-with-dsym";
				GCC_VERSION = com.apple.compilers.llvm.clang.1_0;
				GCC_WARN_ABOUT_RETURN_TYPE = YES;
				GCC_WARN_CHECK_SWITCH_STATEMENTS = YES;
				GCC_WARN_UNUSED_VARIABLE = YES;
				HEADER_SEARCH_PATHS = /usr/local/include;
				LIBRARY_SEARCH_PATHS = /usr/local/lib;
				ONLY_ACTIVE_ARCH = YES;
				PREBINDING = NO;
			};
			name = Debug;
		};
		1DEB919508733D9F0010E9CD /* Release */ = {
			isa = XCBuildConfiguration;
			buildSettings = {
				ARCHS = (
					x86_64,
					i386,
					ppc,
				);
				DEBUG_INFORMATION_FORMAT = "dwarf-with-dsym";
				GCC_VERSION = com.apple.compilers.llvm.clang.1_0;
				GCC_WARN_ABOUT_RETURN_TYPE = YES;
				GCC_WARN_CHECK_SWITCH_STATEMENTS = YES;
				GCC_WARN_UNUSED_VARIABLE = YES;
				HEADER_SEARCH_PATHS = /usr/local/include;
				LIBRARY_SEARCH_PATHS = /usr/local/lib;
				PREBINDING = NO;
			};
			name = Release;
		};
		DA36E5741344317300330758 /* Debug */ = {
			isa = XCBuildConfiguration;
			buildSettings = {
				ALWAYS_SEARCH_USER_PATHS = NO;
				COPY_PHASE_STRIP = NO;
				GCC_DYNAMIC_NO_PIC = NO;
				GCC_ENABLE_OBJC_EXCEPTIONS = YES;
				GCC_OPTIMIZATION_LEVEL = 0;
				GCC_PREPROCESSOR_DEFINITIONS = DEBUG;
				GCC_SYMBOLS_PRIVATE_EXTERN = NO;
				PRODUCT_NAME = "$(TARGET_NAME)";
			};
			name = Debug;
		};
		DA36E5751344317300330758 /* Release */ = {
			isa = XCBuildConfiguration;
			buildSettings = {
				ALWAYS_SEARCH_USER_PATHS = NO;
				COPY_PHASE_STRIP = YES;
				DEBUG_INFORMATION_FORMAT = "dwarf-with-dsym";
				GCC_ENABLE_OBJC_EXCEPTIONS = YES;
				PRODUCT_NAME = "$(TARGET_NAME)";
			};
			name = Release;
		};
		DAC760AA12C86ACC00E7E711 /* Debug */ = {
			isa = XCBuildConfiguration;
			buildSettings = {
				ALWAYS_SEARCH_USER_PATHS = NO;
				COPY_PHASE_STRIP = NO;
				GCC_DYNAMIC_NO_PIC = NO;
				GCC_ENABLE_FIX_AND_CONTINUE = YES;
				GCC_MODEL_TUNING = G5;
				GCC_OPTIMIZATION_LEVEL = 0;
				INSTALL_PATH = /usr/local/bin;
				PREBINDING = NO;
				PRODUCT_NAME = sim;
			};
			name = Debug;
		};
		DAC760AB12C86ACC00E7E711 /* Release */ = {
			isa = XCBuildConfiguration;
			buildSettings = {
				ALWAYS_SEARCH_USER_PATHS = NO;
				COPY_PHASE_STRIP = YES;
				DEBUG_INFORMATION_FORMAT = "dwarf-with-dsym";
				GCC_ENABLE_FIX_AND_CONTINUE = NO;
				GCC_MODEL_TUNING = G5;
				INSTALL_PATH = /usr/local/bin;
				PREBINDING = NO;
				PRODUCT_NAME = sim;
				ZERO_LINK = NO;
			};
			name = Release;
		};
		DAFD40AB12DECDB700E5D62C /* Debug */ = {
			isa = XCBuildConfiguration;
			buildSettings = {
				ALWAYS_SEARCH_USER_PATHS = NO;
				BUILD_ROOT = "$(SOURCE_ROOT)/build";
				COPY_PHASE_STRIP = NO;
				DYLIB_COMPATIBILITY_VERSION = 1.0;
				DYLIB_CURRENT_VERSION = 1.0.0;
				FRAMEWORK_SEARCH_PATHS = (
					"$(inherited)",
					/usr/local/Cellar/qt/4.7.2/lib,
				);
				GCC_DEBUGGING_SYMBOLS = full;
				GCC_ENABLE_FIX_AND_CONTINUE = YES;
				GCC_MODEL_TUNING = G5;
				GCC_OPTIMIZATION_LEVEL = 0;
				GCC_PRECOMPILE_PREFIX_HEADER = YES;
				HEADER_SEARCH_PATHS = (
					/usr/local/Cellar/qt/4.7.2/lib/QtCore.framework/Versions/4/Headers,
					/usr/local/Cellar/qt/4.7.2/include/QtCore,
					/usr/local/Cellar/qt/4.7.2/lib/QtGui.framework/Versions/4/Headers,
					/usr/local/Cellar/qt/4.7.2/include/QtGui,
					/usr/local/Cellar/qt/4.7.2/lib/QtOpenGL.framework/Versions/4/Headers,
					/usr/local/Cellar/qt/4.7.2/include/QtOpenGL,
					/usr/local/Cellar/qt/4.7.2/include,
					/System/Library/Frameworks/OpenGL.framework/Versions/A/Headers,
					/System/Library/Frameworks/AGL.framework/Headers,
					.,
					/usr/local/include,
					/System/Library/Frameworks/CarbonCore.framework/Headers,
					"/usr/local/Cellar/qt/4.7.2/mkspecs/macx-xcode",
				);
				INFOPLIST_FILE = "QtSim-Info.plist";
				INSTALL_PATH = "$(HOME)/Applications";
				LIBRARY_SEARCH_PATHS = (
					/usr/local/Cellar/qt/4.7.2/lib,
					/usr/X11R6/lib,
					/usr/local/Cellar/qt/4.7.2/lib,
					/System/Library/Frameworks/,
				);
				OTHER_CFLAGS = (
					"-pipe",
					"-Wall",
					"-W",
					"-DQT_OPENGL_LIB",
					"-DQT_GUI_LIB",
					"-DQT_CORE_LIB",
					"-DQT_SHARED",
				);
				OTHER_LDFLAGS = "";
				PRODUCT_NAME = QtSim;
				RUN_CLANG_STATIC_ANALYZER = YES;
				YACCFLAGS = "-d";
			};
			name = Debug;
		};
		DAFD40AC12DECDB700E5D62C /* Release */ = {
			isa = XCBuildConfiguration;
			buildSettings = {
				ALWAYS_SEARCH_USER_PATHS = NO;
				BUILD_ROOT = "$(SOURCE_ROOT)/build";
				COPY_PHASE_STRIP = YES;
				DEBUG_INFORMATION_FORMAT = "dwarf-with-dsym";
				DYLIB_COMPATIBILITY_VERSION = 1.0;
				DYLIB_CURRENT_VERSION = 1.0.0;
				FRAMEWORK_SEARCH_PATHS = (
					"$(inherited)",
					/usr/local/Cellar/qt/4.7.2/lib,
				);
				GCC_ENABLE_FIX_AND_CONTINUE = NO;
				GCC_MODEL_TUNING = G5;
				GCC_PRECOMPILE_PREFIX_HEADER = YES;
				HEADER_SEARCH_PATHS = (
					/usr/local/Cellar/qt/4.7.2/lib/QtCore.framework/Versions/4/Headers,
					/usr/local/Cellar/qt/4.7.2/include/QtCore,
					/usr/local/Cellar/qt/4.7.2/lib/QtGui.framework/Versions/4/Headers,
					/usr/local/Cellar/qt/4.7.2/include/QtGui,
					/usr/local/Cellar/qt/4.7.2/lib/QtOpenGL.framework/Versions/4/Headers,
					/usr/local/Cellar/qt/4.7.2/include/QtOpenGL,
					/usr/local/Cellar/qt/4.7.2/include,
					/System/Library/Frameworks/OpenGL.framework/Versions/A/Headers,
					/System/Library/Frameworks/AGL.framework/Headers,
					.,
					/usr/local/include,
					/System/Library/Frameworks/CarbonCore.framework/Headers,
					"/usr/local/Cellar/qt/4.7.2/mkspecs/macx-xcode",
				);
				INFOPLIST_FILE = "QtSim-Info.plist";
				INSTALL_PATH = "$(HOME)/Applications";
				LIBRARY_SEARCH_PATHS = (
					/usr/local/Cellar/qt/4.7.2/lib,
					/usr/X11R6/lib,
					/usr/local/Cellar/qt/4.7.2/lib,
					/System/Library/Frameworks/,
				);
				LLVM_LTO = YES;
				OTHER_CFLAGS = (
					"-pipe",
					"-Wall",
					"-W",
					"-DQT_NO_DEBUG",
					"-DQT_OPENGL_LIB",
					"-DQT_GUI_LIB",
					"-DQT_CORE_LIB",
					"-DQT_SHARED",
				);
				OTHER_LDFLAGS = (
					"-headerpad_max_install_names",
					"-L/usr/local/Cellar/qt/4.7.2/lib",
					"-F/usr/local/Cellar/qt/4.7.2/lib",
					"-L/usr/X11R6/lib",
					"-L/usr/local/Cellar/qt/4.7.2/lib",
					"-F/usr/local/Cellar/qt/4.7.2/lib",
				);
				PREBINDING = NO;
				PRODUCT_NAME = QtSim;
				YACCFLAGS = "-d";
				ZERO_LINK = NO;
			};
			name = Release;
		};
/* End XCBuildConfiguration section */

/* Begin XCConfigurationList section */
		1DEB919308733D9F0010E9CD /* Build configuration list for PBXProject "sim" */ = {
			isa = XCConfigurationList;
			buildConfigurations = (
				1DEB919408733D9F0010E9CD /* Debug */,
				1DEB919508733D9F0010E9CD /* Release */,
			);
			defaultConfigurationIsVisible = 0;
			defaultConfigurationName = Release;
		};
		DA36E5761344317300330758 /* Build configuration list for PBXNativeTarget "arduinoTest" */ = {
			isa = XCConfigurationList;
			buildConfigurations = (
				DA36E5741344317300330758 /* Debug */,
				DA36E5751344317300330758 /* Release */,
			);
			defaultConfigurationIsVisible = 0;
			defaultConfigurationName = Release;
		};
		DAC760AC12C86ACC00E7E711 /* Build configuration list for PBXNativeTarget "sim" */ = {
			isa = XCConfigurationList;
			buildConfigurations = (
				DAC760AA12C86ACC00E7E711 /* Debug */,
				DAC760AB12C86ACC00E7E711 /* Release */,
			);
			defaultConfigurationIsVisible = 0;
			defaultConfigurationName = Release;
		};
		DAFD40AD12DECDD600E5D62C /* Build configuration list for PBXNativeTarget "QtSim" */ = {
			isa = XCConfigurationList;
			buildConfigurations = (
				DAFD40AB12DECDB700E5D62C /* Debug */,
				DAFD40AC12DECDB700E5D62C /* Release */,
			);
			defaultConfigurationIsVisible = 0;
			defaultConfigurationName = Release;
		};
/* End XCConfigurationList section */
	};
	rootObject = 08FB7793FE84155DC02AAC07 /* Project object */;
}
